// !$*UTF8*$!
{
	archiveVersion = 1;
	classes = {
	};
	objectVersion = 56;
	objects = {

/* Begin PBXBuildFile section */
		7CADD30629643BBC00E4A20D /* AppDelegate.swift in Sources */ = {isa = PBXBuildFile; fileRef = 7CADD30529643BBC00E4A20D /* AppDelegate.swift */; };
		7CADD30829643BBC00E4A20D /* SceneDelegate.swift in Sources */ = {isa = PBXBuildFile; fileRef = 7CADD30729643BBC00E4A20D /* SceneDelegate.swift */; };
		7CADD30A29643BBC00E4A20D /* RMMainTabBarController.swift in Sources */ = {isa = PBXBuildFile; fileRef = 7CADD30929643BBC00E4A20D /* RMMainTabBarController.swift */; };
		7CADD31029643BBC00E4A20D /* RickyAndMorty.xcdatamodeld in Sources */ = {isa = PBXBuildFile; fileRef = 7CADD30E29643BBC00E4A20D /* RickyAndMorty.xcdatamodeld */; };
		7CADD31229643BBC00E4A20D /* Assets.xcassets in Resources */ = {isa = PBXBuildFile; fileRef = 7CADD31129643BBC00E4A20D /* Assets.xcassets */; };
		7CADD31529643BBC00E4A20D /* LaunchScreen.storyboard in Resources */ = {isa = PBXBuildFile; fileRef = 7CADD31329643BBC00E4A20D /* LaunchScreen.storyboard */; };
		7CADD32529643D6800E4A20D /* NetworkHelper.swift in Sources */ = {isa = PBXBuildFile; fileRef = 7CADD32329643D6800E4A20D /* NetworkHelper.swift */; };
		7CADD32629643D6800E4A20D /* NetworkManager.swift in Sources */ = {isa = PBXBuildFile; fileRef = 7CADD32429643D6800E4A20D /* NetworkManager.swift */; };
		7CADD32829643D8200E4A20D /* RMManager.swift in Sources */ = {isa = PBXBuildFile; fileRef = 7CADD32729643D8200E4A20D /* RMManager.swift */; };
		7CADD32A29643E6600E4A20D /* RMCharacterViewController.swift in Sources */ = {isa = PBXBuildFile; fileRef = 7CADD32929643E6600E4A20D /* RMCharacterViewController.swift */; };
		7CADD32C29643E7500E4A20D /* RMLocationViewController.swift in Sources */ = {isa = PBXBuildFile; fileRef = 7CADD32B29643E7500E4A20D /* RMLocationViewController.swift */; };
		7CADD32E29643E7F00E4A20D /* RMEpisodeViewController.swift in Sources */ = {isa = PBXBuildFile; fileRef = 7CADD32D29643E7F00E4A20D /* RMEpisodeViewController.swift */; };
		7CADD33029643E8A00E4A20D /* RMSettingsViewController.swift in Sources */ = {isa = PBXBuildFile; fileRef = 7CADD32F29643E8A00E4A20D /* RMSettingsViewController.swift */; };
		7CADD3322964410400E4A20D /* RMCharacter.swift in Sources */ = {isa = PBXBuildFile; fileRef = 7CADD3312964410400E4A20D /* RMCharacter.swift */; };
		7CADD3342964411D00E4A20D /* RMLocation.swift in Sources */ = {isa = PBXBuildFile; fileRef = 7CADD3332964411D00E4A20D /* RMLocation.swift */; };
		7CADD3362964412E00E4A20D /* RMEpisodes.swift in Sources */ = {isa = PBXBuildFile; fileRef = 7CADD3352964412E00E4A20D /* RMEpisodes.swift */; };
		7CADD3382964459D00E4A20D /* RMOrigin.swift in Sources */ = {isa = PBXBuildFile; fileRef = 7CADD3372964459D00E4A20D /* RMOrigin.swift */; };
		7CADD33A296445A700E4A20D /* RMSingleLocation.swift in Sources */ = {isa = PBXBuildFile; fileRef = 7CADD339296445A700E4A20D /* RMSingleLocation.swift */; };
		7CADD33C296445B200E4A20D /* RMCharacterStatus.swift in Sources */ = {isa = PBXBuildFile; fileRef = 7CADD33B296445B200E4A20D /* RMCharacterStatus.swift */; };
		7CADD33E296445BD00E4A20D /* RMCharacterGender.swift in Sources */ = {isa = PBXBuildFile; fileRef = 7CADD33D296445BD00E4A20D /* RMCharacterGender.swift */; };
		7CADD3422964BFC300E4A20D /* RMGetAllCharactersResponse.swift in Sources */ = {isa = PBXBuildFile; fileRef = 7CADD3412964BFC300E4A20D /* RMGetAllCharactersResponse.swift */; };
		7CADD3442964C86000E4A20D /* CharacterListViewModel.swift in Sources */ = {isa = PBXBuildFile; fileRef = 7CADD3432964C86000E4A20D /* CharacterListViewModel.swift */; };
		7CADD3462964C99E00E4A20D /* CharacterListView.swift in Sources */ = {isa = PBXBuildFile; fileRef = 7CADD3452964C99E00E4A20D /* CharacterListView.swift */; };
		7CADD3482964CE0B00E4A20D /* Extensions.swift in Sources */ = {isa = PBXBuildFile; fileRef = 7CADD3472964CE0B00E4A20D /* Extensions.swift */; };
/* End PBXBuildFile section */

/* Begin PBXFileReference section */
		7CADD30229643BBC00E4A20D /* RickyAndMorty.app */ = {isa = PBXFileReference; explicitFileType = wrapper.application; includeInIndex = 0; path = RickyAndMorty.app; sourceTree = BUILT_PRODUCTS_DIR; };
		7CADD30529643BBC00E4A20D /* AppDelegate.swift */ = {isa = PBXFileReference; lastKnownFileType = sourcecode.swift; path = AppDelegate.swift; sourceTree = "<group>"; };
		7CADD30729643BBC00E4A20D /* SceneDelegate.swift */ = {isa = PBXFileReference; lastKnownFileType = sourcecode.swift; path = SceneDelegate.swift; sourceTree = "<group>"; };
		7CADD30929643BBC00E4A20D /* RMMainTabBarController.swift */ = {isa = PBXFileReference; lastKnownFileType = sourcecode.swift; path = RMMainTabBarController.swift; sourceTree = "<group>"; };
		7CADD30F29643BBC00E4A20D /* RickyAndMorty.xcdatamodel */ = {isa = PBXFileReference; lastKnownFileType = wrapper.xcdatamodel; path = RickyAndMorty.xcdatamodel; sourceTree = "<group>"; };
		7CADD31129643BBC00E4A20D /* Assets.xcassets */ = {isa = PBXFileReference; lastKnownFileType = folder.assetcatalog; path = Assets.xcassets; sourceTree = "<group>"; };
		7CADD31429643BBC00E4A20D /* Base */ = {isa = PBXFileReference; lastKnownFileType = file.storyboard; name = Base; path = Base.lproj/LaunchScreen.storyboard; sourceTree = "<group>"; };
		7CADD31629643BBC00E4A20D /* Info.plist */ = {isa = PBXFileReference; lastKnownFileType = text.plist.xml; path = Info.plist; sourceTree = "<group>"; };
		7CADD32329643D6800E4A20D /* NetworkHelper.swift */ = {isa = PBXFileReference; fileEncoding = 4; lastKnownFileType = sourcecode.swift; path = NetworkHelper.swift; sourceTree = "<group>"; };
		7CADD32429643D6800E4A20D /* NetworkManager.swift */ = {isa = PBXFileReference; fileEncoding = 4; lastKnownFileType = sourcecode.swift; path = NetworkManager.swift; sourceTree = "<group>"; };
		7CADD32729643D8200E4A20D /* RMManager.swift */ = {isa = PBXFileReference; fileEncoding = 4; lastKnownFileType = sourcecode.swift; path = RMManager.swift; sourceTree = "<group>"; };
		7CADD32929643E6600E4A20D /* RMCharacterViewController.swift */ = {isa = PBXFileReference; lastKnownFileType = sourcecode.swift; path = RMCharacterViewController.swift; sourceTree = "<group>"; };
		7CADD32B29643E7500E4A20D /* RMLocationViewController.swift */ = {isa = PBXFileReference; lastKnownFileType = sourcecode.swift; path = RMLocationViewController.swift; sourceTree = "<group>"; };
		7CADD32D29643E7F00E4A20D /* RMEpisodeViewController.swift */ = {isa = PBXFileReference; lastKnownFileType = sourcecode.swift; path = RMEpisodeViewController.swift; sourceTree = "<group>"; };
		7CADD32F29643E8A00E4A20D /* RMSettingsViewController.swift */ = {isa = PBXFileReference; lastKnownFileType = sourcecode.swift; path = RMSettingsViewController.swift; sourceTree = "<group>"; };
		7CADD3312964410400E4A20D /* RMCharacter.swift */ = {isa = PBXFileReference; lastKnownFileType = sourcecode.swift; path = RMCharacter.swift; sourceTree = "<group>"; };
		7CADD3332964411D00E4A20D /* RMLocation.swift */ = {isa = PBXFileReference; lastKnownFileType = sourcecode.swift; path = RMLocation.swift; sourceTree = "<group>"; };
		7CADD3352964412E00E4A20D /* RMEpisodes.swift */ = {isa = PBXFileReference; lastKnownFileType = sourcecode.swift; path = RMEpisodes.swift; sourceTree = "<group>"; };
		7CADD3372964459D00E4A20D /* RMOrigin.swift */ = {isa = PBXFileReference; lastKnownFileType = sourcecode.swift; path = RMOrigin.swift; sourceTree = "<group>"; };
		7CADD339296445A700E4A20D /* RMSingleLocation.swift */ = {isa = PBXFileReference; lastKnownFileType = sourcecode.swift; path = RMSingleLocation.swift; sourceTree = "<group>"; };
		7CADD33B296445B200E4A20D /* RMCharacterStatus.swift */ = {isa = PBXFileReference; lastKnownFileType = sourcecode.swift; path = RMCharacterStatus.swift; sourceTree = "<group>"; };
		7CADD33D296445BD00E4A20D /* RMCharacterGender.swift */ = {isa = PBXFileReference; lastKnownFileType = sourcecode.swift; path = RMCharacterGender.swift; sourceTree = "<group>"; };
		7CADD3412964BFC300E4A20D /* RMGetAllCharactersResponse.swift */ = {isa = PBXFileReference; lastKnownFileType = sourcecode.swift; path = RMGetAllCharactersResponse.swift; sourceTree = "<group>"; };
		7CADD3432964C86000E4A20D /* CharacterListViewModel.swift */ = {isa = PBXFileReference; lastKnownFileType = sourcecode.swift; path = CharacterListViewModel.swift; sourceTree = "<group>"; };
		7CADD3452964C99E00E4A20D /* CharacterListView.swift */ = {isa = PBXFileReference; lastKnownFileType = sourcecode.swift; path = CharacterListView.swift; sourceTree = "<group>"; };
		7CADD3472964CE0B00E4A20D /* Extensions.swift */ = {isa = PBXFileReference; lastKnownFileType = sourcecode.swift; path = Extensions.swift; sourceTree = "<group>"; };
/* End PBXFileReference section */

/* Begin PBXFrameworksBuildPhase section */
		7CADD2FF29643BBC00E4A20D /* Frameworks */ = {
			isa = PBXFrameworksBuildPhase;
			buildActionMask = 2147483647;
			files = (
			);
			runOnlyForDeploymentPostprocessing = 0;
		};
/* End PBXFrameworksBuildPhase section */

/* Begin PBXGroup section */
		7CADD2F929643BBC00E4A20D = {
			isa = PBXGroup;
			children = (
				7CADD30429643BBC00E4A20D /* RickyAndMorty */,
				7CADD30329643BBC00E4A20D /* Products */,
			);
			sourceTree = "<group>";
		};
		7CADD30329643BBC00E4A20D /* Products */ = {
			isa = PBXGroup;
			children = (
				7CADD30229643BBC00E4A20D /* RickyAndMorty.app */,
			);
			name = Products;
			sourceTree = "<group>";
		};
		7CADD30429643BBC00E4A20D /* RickyAndMorty */ = {
			isa = PBXGroup;
			children = (
				7CADD32229643D4A00E4A20D /* NetworkHelper */,
				7CADD31D29643D1A00E4A20D /* NetworkManager */,
				7CADD32129643D4200E4A20D /* Views */,
				7CADD32029643D3700E4A20D /* ViewModel */,
				7CADD31F29643D3000E4A20D /* Model */,
				7CADD31E29643D2600E4A20D /* Controllers */,
				7CADD31C29643D0B00E4A20D /* Resources */,
				7CADD31629643BBC00E4A20D /* Info.plist */,
				7CADD30E29643BBC00E4A20D /* RickyAndMorty.xcdatamodeld */,
			);
			path = RickyAndMorty;
			sourceTree = "<group>";
		};
		7CADD31C29643D0B00E4A20D /* Resources */ = {
			isa = PBXGroup;
			children = (
				7CADD30529643BBC00E4A20D /* AppDelegate.swift */,
				7CADD30729643BBC00E4A20D /* SceneDelegate.swift */,
				7CADD31129643BBC00E4A20D /* Assets.xcassets */,
				7CADD31329643BBC00E4A20D /* LaunchScreen.storyboard */,
				7CADD3472964CE0B00E4A20D /* Extensions.swift */,
			);
			path = Resources;
			sourceTree = "<group>";
		};
		7CADD31D29643D1A00E4A20D /* NetworkManager */ = {
			isa = PBXGroup;
			children = (
				7CADD32729643D8200E4A20D /* RMManager.swift */,
			);
			path = NetworkManager;
			sourceTree = "<group>";
		};
		7CADD31E29643D2600E4A20D /* Controllers */ = {
			isa = PBXGroup;
			children = (
				7CADD30929643BBC00E4A20D /* RMMainTabBarController.swift */,
				7CADD32929643E6600E4A20D /* RMCharacterViewController.swift */,
				7CADD32B29643E7500E4A20D /* RMLocationViewController.swift */,
				7CADD32D29643E7F00E4A20D /* RMEpisodeViewController.swift */,
				7CADD32F29643E8A00E4A20D /* RMSettingsViewController.swift */,
			);
			path = Controllers;
			sourceTree = "<group>";
		};
		7CADD31F29643D3000E4A20D /* Model */ = {
			isa = PBXGroup;
			children = (
				7CADD3402964BF9E00E4A20D /* APIResponseTypes */,
				7CADD33F2964BF9100E4A20D /* DataTypes */,
			);
			path = Model;
			sourceTree = "<group>";
		};
		7CADD32029643D3700E4A20D /* ViewModel */ = {
			isa = PBXGroup;
			children = (
				7CADD3432964C86000E4A20D /* CharacterListViewModel.swift */,
			);
			path = ViewModel;
			sourceTree = "<group>";
		};
		7CADD32129643D4200E4A20D /* Views */ = {
			isa = PBXGroup;
			children = (
				7CADD3452964C99E00E4A20D /* CharacterListView.swift */,
			);
			path = Views;
			sourceTree = "<group>";
		};
		7CADD32229643D4A00E4A20D /* NetworkHelper */ = {
			isa = PBXGroup;
			children = (
				7CADD32329643D6800E4A20D /* NetworkHelper.swift */,
				7CADD32429643D6800E4A20D /* NetworkManager.swift */,
			);
			path = NetworkHelper;
			sourceTree = "<group>";
		};
		7CADD33F2964BF9100E4A20D /* DataTypes */ = {
			isa = PBXGroup;
			children = (
				7CADD3312964410400E4A20D /* RMCharacter.swift */,
				7CADD3332964411D00E4A20D /* RMLocation.swift */,
				7CADD3352964412E00E4A20D /* RMEpisodes.swift */,
				7CADD3372964459D00E4A20D /* RMOrigin.swift */,
				7CADD339296445A700E4A20D /* RMSingleLocation.swift */,
				7CADD33B296445B200E4A20D /* RMCharacterStatus.swift */,
				7CADD33D296445BD00E4A20D /* RMCharacterGender.swift */,
			);
			path = DataTypes;
			sourceTree = "<group>";
		};
		7CADD3402964BF9E00E4A20D /* APIResponseTypes */ = {
			isa = PBXGroup;
			children = (
				7CADD3412964BFC300E4A20D /* RMGetAllCharactersResponse.swift */,
			);
			path = APIResponseTypes;
			sourceTree = "<group>";
		};
/* End PBXGroup section */

/* Begin PBXNativeTarget section */
		7CADD30129643BBC00E4A20D /* RickyAndMorty */ = {
			isa = PBXNativeTarget;
			buildConfigurationList = 7CADD31929643BBC00E4A20D /* Build configuration list for PBXNativeTarget "RickyAndMorty" */;
			buildPhases = (
				7CADD2FE29643BBC00E4A20D /* Sources */,
				7CADD2FF29643BBC00E4A20D /* Frameworks */,
				7CADD30029643BBC00E4A20D /* Resources */,
			);
			buildRules = (
			);
			dependencies = (
			);
			name = RickyAndMorty;
			productName = RickyAndMorty;
			productReference = 7CADD30229643BBC00E4A20D /* RickyAndMorty.app */;
			productType = "com.apple.product-type.application";
		};
/* End PBXNativeTarget section */

/* Begin PBXProject section */
		7CADD2FA29643BBC00E4A20D /* Project object */ = {
			isa = PBXProject;
			attributes = {
				BuildIndependentTargetsInParallel = 1;
				LastSwiftUpdateCheck = 1420;
				LastUpgradeCheck = 1420;
				TargetAttributes = {
					7CADD30129643BBC00E4A20D = {
						CreatedOnToolsVersion = 14.2;
					};
				};
			};
			buildConfigurationList = 7CADD2FD29643BBC00E4A20D /* Build configuration list for PBXProject "RickyAndMorty" */;
			compatibilityVersion = "Xcode 14.0";
			developmentRegion = en;
			hasScannedForEncodings = 0;
			knownRegions = (
				en,
				Base,
			);
			mainGroup = 7CADD2F929643BBC00E4A20D;
			productRefGroup = 7CADD30329643BBC00E4A20D /* Products */;
			projectDirPath = "";
			projectRoot = "";
			targets = (
				7CADD30129643BBC00E4A20D /* RickyAndMorty */,
			);
		};
/* End PBXProject section */

/* Begin PBXResourcesBuildPhase section */
		7CADD30029643BBC00E4A20D /* Resources */ = {
			isa = PBXResourcesBuildPhase;
			buildActionMask = 2147483647;
			files = (
				7CADD31529643BBC00E4A20D /* LaunchScreen.storyboard in Resources */,
				7CADD31229643BBC00E4A20D /* Assets.xcassets in Resources */,
			);
			runOnlyForDeploymentPostprocessing = 0;
		};
/* End PBXResourcesBuildPhase section */

/* Begin PBXSourcesBuildPhase section */
		7CADD2FE29643BBC00E4A20D /* Sources */ = {
			isa = PBXSourcesBuildPhase;
			buildActionMask = 2147483647;
			files = (
				7CADD32C29643E7500E4A20D /* RMLocationViewController.swift in Sources */,
				7CADD3362964412E00E4A20D /* RMEpisodes.swift in Sources */,
				7CADD32629643D6800E4A20D /* NetworkManager.swift in Sources */,
				7CADD30A29643BBC00E4A20D /* RMMainTabBarController.swift in Sources */,
				7CADD32E29643E7F00E4A20D /* RMEpisodeViewController.swift in Sources */,
				7CADD3342964411D00E4A20D /* RMLocation.swift in Sources */,
				7CADD30629643BBC00E4A20D /* AppDelegate.swift in Sources */,
				7CADD33029643E8A00E4A20D /* RMSettingsViewController.swift in Sources */,
				7CADD3442964C86000E4A20D /* CharacterListViewModel.swift in Sources */,
				7CADD3482964CE0B00E4A20D /* Extensions.swift in Sources */,
				7CADD3462964C99E00E4A20D /* CharacterListView.swift in Sources */,
				7CADD32529643D6800E4A20D /* NetworkHelper.swift in Sources */,
				7CADD33C296445B200E4A20D /* RMCharacterStatus.swift in Sources */,
				7CADD3322964410400E4A20D /* RMCharacter.swift in Sources */,
				7CADD33E296445BD00E4A20D /* RMCharacterGender.swift in Sources */,
				7CADD31029643BBC00E4A20D /* RickyAndMorty.xcdatamodeld in Sources */,
				7CADD33A296445A700E4A20D /* RMSingleLocation.swift in Sources */,
				7CADD32A29643E6600E4A20D /* RMCharacterViewController.swift in Sources */,
				7CADD32829643D8200E4A20D /* RMManager.swift in Sources */,
				7CADD3422964BFC300E4A20D /* RMGetAllCharactersResponse.swift in Sources */,
				7CADD3382964459D00E4A20D /* RMOrigin.swift in Sources */,
				7CADD30829643BBC00E4A20D /* SceneDelegate.swift in Sources */,
			);
			runOnlyForDeploymentPostprocessing = 0;
		};
/* End PBXSourcesBuildPhase section */

/* Begin PBXVariantGroup section */
		7CADD31329643BBC00E4A20D /* LaunchScreen.storyboard */ = {
			isa = PBXVariantGroup;
			children = (
				7CADD31429643BBC00E4A20D /* Base */,
			);
			name = LaunchScreen.storyboard;
			sourceTree = "<group>";
		};
/* End PBXVariantGroup section */

/* Begin XCBuildConfiguration section */
		7CADD31729643BBC00E4A20D /* Debug */ = {
			isa = XCBuildConfiguration;
			buildSettings = {
				ALWAYS_SEARCH_USER_PATHS = NO;
				CLANG_ANALYZER_NONNULL = YES;
				CLANG_ANALYZER_NUMBER_OBJECT_CONVERSION = YES_AGGRESSIVE;
				CLANG_CXX_LANGUAGE_STANDARD = "gnu++20";
				CLANG_ENABLE_MODULES = YES;
				CLANG_ENABLE_OBJC_ARC = YES;
				CLANG_ENABLE_OBJC_WEAK = YES;
				CLANG_WARN_BLOCK_CAPTURE_AUTORELEASING = YES;
				CLANG_WARN_BOOL_CONVERSION = YES;
				CLANG_WARN_COMMA = YES;
				CLANG_WARN_CONSTANT_CONVERSION = YES;
				CLANG_WARN_DEPRECATED_OBJC_IMPLEMENTATIONS = YES;
				CLANG_WARN_DIRECT_OBJC_ISA_USAGE = YES_ERROR;
				CLANG_WARN_DOCUMENTATION_COMMENTS = YES;
				CLANG_WARN_EMPTY_BODY = YES;
				CLANG_WARN_ENUM_CONVERSION = YES;
				CLANG_WARN_INFINITE_RECURSION = YES;
				CLANG_WARN_INT_CONVERSION = YES;
				CLANG_WARN_NON_LITERAL_NULL_CONVERSION = YES;
				CLANG_WARN_OBJC_IMPLICIT_RETAIN_SELF = YES;
				CLANG_WARN_OBJC_LITERAL_CONVERSION = YES;
				CLANG_WARN_OBJC_ROOT_CLASS = YES_ERROR;
				CLANG_WARN_QUOTED_INCLUDE_IN_FRAMEWORK_HEADER = YES;
				CLANG_WARN_RANGE_LOOP_ANALYSIS = YES;
				CLANG_WARN_STRICT_PROTOTYPES = YES;
				CLANG_WARN_SUSPICIOUS_MOVE = YES;
				CLANG_WARN_UNGUARDED_AVAILABILITY = YES_AGGRESSIVE;
				CLANG_WARN_UNREACHABLE_CODE = YES;
				CLANG_WARN__DUPLICATE_METHOD_MATCH = YES;
				COPY_PHASE_STRIP = NO;
				DEBUG_INFORMATION_FORMAT = dwarf;
				ENABLE_STRICT_OBJC_MSGSEND = YES;
				ENABLE_TESTABILITY = YES;
				GCC_C_LANGUAGE_STANDARD = gnu11;
				GCC_DYNAMIC_NO_PIC = NO;
				GCC_NO_COMMON_BLOCKS = YES;
				GCC_OPTIMIZATION_LEVEL = 0;
				GCC_PREPROCESSOR_DEFINITIONS = (
					"DEBUG=1",
					"$(inherited)",
				);
				GCC_WARN_64_TO_32_BIT_CONVERSION = YES;
				GCC_WARN_ABOUT_RETURN_TYPE = YES_ERROR;
				GCC_WARN_UNDECLARED_SELECTOR = YES;
				GCC_WARN_UNINITIALIZED_AUTOS = YES_AGGRESSIVE;
				GCC_WARN_UNUSED_FUNCTION = YES;
				GCC_WARN_UNUSED_VARIABLE = YES;
				IPHONEOS_DEPLOYMENT_TARGET = 16.2;
				MTL_ENABLE_DEBUG_INFO = INCLUDE_SOURCE;
				MTL_FAST_MATH = YES;
				ONLY_ACTIVE_ARCH = YES;
				SDKROOT = iphoneos;
				SWIFT_ACTIVE_COMPILATION_CONDITIONS = DEBUG;
				SWIFT_OPTIMIZATION_LEVEL = "-Onone";
			};
			name = Debug;
		};
		7CADD31829643BBC00E4A20D /* Release */ = {
			isa = XCBuildConfiguration;
			buildSettings = {
				ALWAYS_SEARCH_USER_PATHS = NO;
				CLANG_ANALYZER_NONNULL = YES;
				CLANG_ANALYZER_NUMBER_OBJECT_CONVERSION = YES_AGGRESSIVE;
				CLANG_CXX_LANGUAGE_STANDARD = "gnu++20";
				CLANG_ENABLE_MODULES = YES;
				CLANG_ENABLE_OBJC_ARC = YES;
				CLANG_ENABLE_OBJC_WEAK = YES;
				CLANG_WARN_BLOCK_CAPTURE_AUTORELEASING = YES;
				CLANG_WARN_BOOL_CONVERSION = YES;
				CLANG_WARN_COMMA = YES;
				CLANG_WARN_CONSTANT_CONVERSION = YES;
				CLANG_WARN_DEPRECATED_OBJC_IMPLEMENTATIONS = YES;
				CLANG_WARN_DIRECT_OBJC_ISA_USAGE = YES_ERROR;
				CLANG_WARN_DOCUMENTATION_COMMENTS = YES;
				CLANG_WARN_EMPTY_BODY = YES;
				CLANG_WARN_ENUM_CONVERSION = YES;
				CLANG_WARN_INFINITE_RECURSION = YES;
				CLANG_WARN_INT_CONVERSION = YES;
				CLANG_WARN_NON_LITERAL_NULL_CONVERSION = YES;
				CLANG_WARN_OBJC_IMPLICIT_RETAIN_SELF = YES;
				CLANG_WARN_OBJC_LITERAL_CONVERSION = YES;
				CLANG_WARN_OBJC_ROOT_CLASS = YES_ERROR;
				CLANG_WARN_QUOTED_INCLUDE_IN_FRAMEWORK_HEADER = YES;
				CLANG_WARN_RANGE_LOOP_ANALYSIS = YES;
				CLANG_WARN_STRICT_PROTOTYPES = YES;
				CLANG_WARN_SUSPICIOUS_MOVE = YES;
				CLANG_WARN_UNGUARDED_AVAILABILITY = YES_AGGRESSIVE;
				CLANG_WARN_UNREACHABLE_CODE = YES;
				CLANG_WARN__DUPLICATE_METHOD_MATCH = YES;
				COPY_PHASE_STRIP = NO;
				DEBUG_INFORMATION_FORMAT = "dwarf-with-dsym";
				ENABLE_NS_ASSERTIONS = NO;
				ENABLE_STRICT_OBJC_MSGSEND = YES;
				GCC_C_LANGUAGE_STANDARD = gnu11;
				GCC_NO_COMMON_BLOCKS = YES;
				GCC_WARN_64_TO_32_BIT_CONVERSION = YES;
				GCC_WARN_ABOUT_RETURN_TYPE = YES_ERROR;
				GCC_WARN_UNDECLARED_SELECTOR = YES;
				GCC_WARN_UNINITIALIZED_AUTOS = YES_AGGRESSIVE;
				GCC_WARN_UNUSED_FUNCTION = YES;
				GCC_WARN_UNUSED_VARIABLE = YES;
				IPHONEOS_DEPLOYMENT_TARGET = 16.2;
				MTL_ENABLE_DEBUG_INFO = NO;
				MTL_FAST_MATH = YES;
				SDKROOT = iphoneos;
				SWIFT_COMPILATION_MODE = wholemodule;
				SWIFT_OPTIMIZATION_LEVEL = "-O";
				VALIDATE_PRODUCT = YES;
			};
			name = Release;
		};
		7CADD31A29643BBC00E4A20D /* Debug */ = {
			isa = XCBuildConfiguration;
			buildSettings = {
				ASSETCATALOG_COMPILER_APPICON_NAME = AppIcon;
				ASSETCATALOG_COMPILER_GLOBAL_ACCENT_COLOR_NAME = AccentColor;
				CODE_SIGN_STYLE = Automatic;
				CURRENT_PROJECT_VERSION = 1;
				DEVELOPMENT_TEAM = 47FU3Y4972;
				GENERATE_INFOPLIST_FILE = YES;
				INFOPLIST_FILE = RickyAndMorty/Info.plist;
				INFOPLIST_KEY_UIApplicationSupportsIndirectInputEvents = YES;
				INFOPLIST_KEY_UILaunchStoryboardName = LaunchScreen;
				INFOPLIST_KEY_UISupportedInterfaceOrientations_iPad = "UIInterfaceOrientationPortrait UIInterfaceOrientationPortraitUpsideDown UIInterfaceOrientationLandscapeLeft UIInterfaceOrientationLandscapeRight";
				INFOPLIST_KEY_UISupportedInterfaceOrientations_iPhone = "UIInterfaceOrientationPortrait UIInterfaceOrientationLandscapeLeft UIInterfaceOrientationLandscapeRight";
				LD_RUNPATH_SEARCH_PATHS = (
					"$(inherited)",
					"@executable_path/Frameworks",
				);
				MARKETING_VERSION = 1.0;
				PRODUCT_BUNDLE_IDENTIFIER = mesutaygun35.RickyAndMorty;
				PRODUCT_NAME = "$(TARGET_NAME)";
				SWIFT_EMIT_LOC_STRINGS = YES;
				SWIFT_VERSION = 5.0;
				TARGETED_DEVICE_FAMILY = "1,2";
			};
			name = Debug;
		};
		7CADD31B29643BBC00E4A20D /* Release */ = {
			isa = XCBuildConfiguration;
			buildSettings = {
				ASSETCATALOG_COMPILER_APPICON_NAME = AppIcon;
				ASSETCATALOG_COMPILER_GLOBAL_ACCENT_COLOR_NAME = AccentColor;
				CODE_SIGN_STYLE = Automatic;
				CURRENT_PROJECT_VERSION = 1;
				DEVELOPMENT_TEAM = 47FU3Y4972;
				GENERATE_INFOPLIST_FILE = YES;
				INFOPLIST_FILE = RickyAndMorty/Info.plist;
				INFOPLIST_KEY_UIApplicationSupportsIndirectInputEvents = YES;
				INFOPLIST_KEY_UILaunchStoryboardName = LaunchScreen;
				INFOPLIST_KEY_UISupportedInterfaceOrientations_iPad = "UIInterfaceOrientationPortrait UIInterfaceOrientationPortraitUpsideDown UIInterfaceOrientationLandscapeLeft UIInterfaceOrientationLandscapeRight";
				INFOPLIST_KEY_UISupportedInterfaceOrientations_iPhone = "UIInterfaceOrientationPortrait UIInterfaceOrientationLandscapeLeft UIInterfaceOrientationLandscapeRight";
				LD_RUNPATH_SEARCH_PATHS = (
					"$(inherited)",
					"@executable_path/Frameworks",
				);
				MARKETING_VERSION = 1.0;
				PRODUCT_BUNDLE_IDENTIFIER = mesutaygun35.RickyAndMorty;
				PRODUCT_NAME = "$(TARGET_NAME)";
				SWIFT_EMIT_LOC_STRINGS = YES;
				SWIFT_VERSION = 5.0;
				TARGETED_DEVICE_FAMILY = "1,2";
			};
			name = Release;
		};
/* End XCBuildConfiguration section */

/* Begin XCConfigurationList section */
		7CADD2FD29643BBC00E4A20D /* Build configuration list for PBXProject "RickyAndMorty" */ = {
			isa = XCConfigurationList;
			buildConfigurations = (
				7CADD31729643BBC00E4A20D /* Debug */,
				7CADD31829643BBC00E4A20D /* Release */,
			);
			defaultConfigurationIsVisible = 0;
			defaultConfigurationName = Release;
		};
		7CADD31929643BBC00E4A20D /* Build configuration list for PBXNativeTarget "RickyAndMorty" */ = {
			isa = XCConfigurationList;
			buildConfigurations = (
				7CADD31A29643BBC00E4A20D /* Debug */,
				7CADD31B29643BBC00E4A20D /* Release */,
			);
			defaultConfigurationIsVisible = 0;
			defaultConfigurationName = Release;
		};
/* End XCConfigurationList section */

/* Begin XCVersionGroup section */
		7CADD30E29643BBC00E4A20D /* RickyAndMorty.xcdatamodeld */ = {
			isa = XCVersionGroup;
			children = (
				7CADD30F29643BBC00E4A20D /* RickyAndMorty.xcdatamodel */,
			);
			currentVersion = 7CADD30F29643BBC00E4A20D /* RickyAndMorty.xcdatamodel */;
			path = RickyAndMorty.xcdatamodeld;
			sourceTree = "<group>";
			versionGroupType = wrapper.xcdatamodel;
		};
/* End XCVersionGroup section */
	};
	rootObject = 7CADD2FA29643BBC00E4A20D /* Project object */;
}
